
Microsoft Visual Studio Solution File, Format Version 12.00
# Visual Studio Version 16
VisualStudioVersion = 16.0.30523.141
MinimumVisualStudioVersion = 10.0.40219.1
Project("{FAE04EC0-301F-11D3-BF4B-00C04F79EFBC}") = "CovidServer", "CovidServer\CovidServer.csproj", "{1F3ED394-27FA-4D15-A458-FFDC9AD538CF}"
EndProject
Global
	GlobalSection(SolutionConfigurationPlatforms) = preSolution
		Debug|Any CPU = Debug|Any CPU
		Release|Any CPU = Release|Any CPU
	EndGlobalSection
	GlobalSection(ProjectConfigurationPlatforms) = postSolution
		{1F3ED394-27FA-4D15-A458-FFDC9AD538CF}.Debug|Any CPU.ActiveCfg = Debug|Any CPU
		{1F3ED394-27FA-4D15-A458-FFDC9AD538CF}.Debug|Any CPU.Build.0 = Debug|Any CPU
		{1F3ED394-27FA-4D15-A458-FFDC9AD538CF}.Release|Any CPU.ActiveCfg = Release|Any CPU
		{1F3ED394-27FA-4D15-A458-FFDC9AD538CF}.Release|Any CPU.Build.0 = Release|Any CPU
	EndGlobalSection
	GlobalSection(SolutionProperties) = preSolution
		HideSolutionNode = FALSE
	EndGlobalSection
	GlobalSection(ExtensibilityGlobals) = postSolution
		SolutionGuid = {ADFB667F-3C1B-468B-9EAB-9FF66D793011}
	EndGlobalSection
EndGlobal
